
Microsoft Visual Studio Solution File, Format Version 12.00
# Visual Studio Version 17
VisualStudioVersion = 17.9.34902.65
MinimumVisualStudioVersion = 10.0.40219.1
Project("{FAE04EC0-301F-11D3-BF4B-00C04F79EFBC}") = "WorldMap", "WorldMap\WorldMap.csproj", "{AEA004A8-112B-4EFC-8354-907C8F08FFC3}"
EndProject
Global
	GlobalSection(SolutionConfigurationPlatforms) = preSolution
		Debug|Any CPU = Debug|Any CPU
		Release|Any CPU = Release|Any CPU
	EndGlobalSection
	GlobalSection(ProjectConfigurationPlatforms) = postSolution
		{AEA004A8-112B-4EFC-8354-907C8F08FFC3}.Debug|Any CPU.ActiveCfg = Debug|Any CPU
		{AEA004A8-112B-4EFC-8354-907C8F08FFC3}.Debug|Any CPU.Build.0 = Debug|Any CPU
		{AEA004A8-112B-4EFC-8354-907C8F08FFC3}.Debug|Any CPU.Deploy.0 = Debug|Any CPU
		{AEA004A8-112B-4EFC-8354-907C8F08FFC3}.Release|Any CPU.ActiveCfg = Release|Any CPU
		{AEA004A8-112B-4EFC-8354-907C8F08FFC3}.Release|Any CPU.Build.0 = Release|Any CPU
		{AEA004A8-112B-4EFC-8354-907C8F08FFC3}.Release|Any CPU.Deploy.0 = Release|Any CPU
	EndGlobalSection
	GlobalSection(SolutionProperties) = preSolution
		HideSolutionNode = FALSE
	EndGlobalSection
	GlobalSection(ExtensibilityGlobals) = postSolution
		SolutionGuid = {8D5E9E70-20FD-4241-A0B7-C7E60B047457}
	EndGlobalSection
EndGlobal
